
Microsoft Visual Studio Solution File, Format Version 12.00
# Visual Studio 15
VisualStudioVersion = 15.0.27130.2010
MinimumVisualStudioVersion = 10.0.40219.1
Project("{8BC9CEB8-8B4A-11D0-8D11-00A0C91BC942}") = "Server", "Server\Server.vcxproj", "{C0672A4F-2813-4312-B5B2-D37790159D9B}"
EndProject
Project("{8BC9CEB8-8B4A-11D0-8D11-00A0C91BC942}") = "Client", "Client\Client.vcxproj", "{D1D45086-8CAA-4331-8793-1D788B125338}"
EndProject
Global
	GlobalSection(SolutionConfigurationPlatforms) = preSolution
		Debug|x64 = Debug|x64
		Debug|x86 = Debug|x86
		Release|x64 = Release|x64
		Release|x86 = Release|x86
	EndGlobalSection
	GlobalSection(ProjectConfigurationPlatforms) = postSolution
		{C0672A4F-2813-4312-B5B2-D37790159D9B}.Debug|x64.ActiveCfg = Debug|x64
		{C0672A4F-2813-4312-B5B2-D37790159D9B}.Debug|x64.Build.0 = Debug|x64
		{C0672A4F-2813-4312-B5B2-D37790159D9B}.Debug|x86.ActiveCfg = Debug|Win32
		{C0672A4F-2813-4312-B5B2-D37790159D9B}.Debug|x86.Build.0 = Debug|Win32
		{C0672A4F-2813-4312-B5B2-D37790159D9B}.Release|x64.ActiveCfg = Release|x64
		{C0672A4F-2813-4312-B5B2-D37790159D9B}.Release|x64.Build.0 = Release|x64
		{C0672A4F-2813-4312-B5B2-D37790159D9B}.Release|x86.ActiveCfg = Release|Win32
		{C0672A4F-2813-4312-B5B2-D37790159D9B}.Release|x86.Build.0 = Release|Win32
		{D1D45086-8CAA-4331-8793-1D788B125338}.Debug|x64.ActiveCfg = Debug|x64
		{D1D45086-8CAA-4331-8793-1D788B125338}.Debug|x64.Build.0 = Debug|x64
		{D1D45086-8CAA-4331-8793-1D788B125338}.Debug|x86.ActiveCfg = Debug|Win32
		{D1D45086-8CAA-4331-8793-1D788B125338}.Debug|x86.Build.0 = Debug|Win32
		{D1D45086-8CAA-4331-8793-1D788B125338}.Release|x64.ActiveCfg = Release|x64
		{D1D45086-8CAA-4331-8793-1D788B125338}.Release|x64.Build.0 = Release|x64
		{D1D45086-8CAA-4331-8793-1D788B125338}.Release|x86.ActiveCfg = Release|Win32
		{D1D45086-8CAA-4331-8793-1D788B125338}.Release|x86.Build.0 = Release|Win32
	EndGlobalSection
	GlobalSection(SolutionProperties) = preSolution
		HideSolutionNode = FALSE
	EndGlobalSection
	GlobalSection(ExtensibilityGlobals) = postSolution
		SolutionGuid = {8A92F768-8A67-4C53-96ED-322BECE80D4C}
	EndGlobalSection
EndGlobal
