
Microsoft Visual Studio Solution File, Format Version 12.00
# Visual Studio 15
VisualStudioVersion = 15.0.27004.2009
MinimumVisualStudioVersion = 10.0.40219.1
Project("{8BC9CEB8-8B4A-11D0-8D11-00A0C91BC942}") = "Client", "Client\Client.vcxproj", "{3BFC70FE-BAD2-4E5F-AEF4-456DEEF10509}"
EndProject
Project("{8BC9CEB8-8B4A-11D0-8D11-00A0C91BC942}") = "Server", "Server\Server.vcxproj", "{43011267-1613-485D-8868-ACD404954727}"
EndProject
Global
	GlobalSection(SolutionConfigurationPlatforms) = preSolution
		Debug|x64 = Debug|x64
		Debug|x86 = Debug|x86
		Release|x64 = Release|x64
		Release|x86 = Release|x86
	EndGlobalSection
	GlobalSection(ProjectConfigurationPlatforms) = postSolution
		{3BFC70FE-BAD2-4E5F-AEF4-456DEEF10509}.Debug|x64.ActiveCfg = Debug|x64
		{3BFC70FE-BAD2-4E5F-AEF4-456DEEF10509}.Debug|x64.Build.0 = Debug|x64
		{3BFC70FE-BAD2-4E5F-AEF4-456DEEF10509}.Debug|x86.ActiveCfg = Debug|Win32
		{3BFC70FE-BAD2-4E5F-AEF4-456DEEF10509}.Debug|x86.Build.0 = Debug|Win32
		{3BFC70FE-BAD2-4E5F-AEF4-456DEEF10509}.Release|x64.ActiveCfg = Release|x64
		{3BFC70FE-BAD2-4E5F-AEF4-456DEEF10509}.Release|x64.Build.0 = Release|x64
		{3BFC70FE-BAD2-4E5F-AEF4-456DEEF10509}.Release|x86.ActiveCfg = Release|Win32
		{3BFC70FE-BAD2-4E5F-AEF4-456DEEF10509}.Release|x86.Build.0 = Release|Win32
		{43011267-1613-485D-8868-ACD404954727}.Debug|x64.ActiveCfg = Debug|x64
		{43011267-1613-485D-8868-ACD404954727}.Debug|x64.Build.0 = Debug|x64
		{43011267-1613-485D-8868-ACD404954727}.Debug|x86.ActiveCfg = Debug|Win32
		{43011267-1613-485D-8868-ACD404954727}.Debug|x86.Build.0 = Debug|Win32
		{43011267-1613-485D-8868-ACD404954727}.Release|x64.ActiveCfg = Release|x64
		{43011267-1613-485D-8868-ACD404954727}.Release|x64.Build.0 = Release|x64
		{43011267-1613-485D-8868-ACD404954727}.Release|x86.ActiveCfg = Release|Win32
		{43011267-1613-485D-8868-ACD404954727}.Release|x86.Build.0 = Release|Win32
	EndGlobalSection
	GlobalSection(SolutionProperties) = preSolution
		HideSolutionNode = FALSE
	EndGlobalSection
	GlobalSection(ExtensibilityGlobals) = postSolution
		SolutionGuid = {C399AC4F-063A-4670-84E6-C60CA36A9BDF}
	EndGlobalSection
EndGlobal
