
Microsoft Visual Studio Solution File, Format Version 12.00
# Visual Studio 2013
VisualStudioVersion = 12.0.31101.0
MinimumVisualStudioVersion = 10.0.40219.1
Project("{8BC9CEB8-8B4A-11D0-8D11-00A0C91BC942}") = "multithreaded_server", "multithreaded_server\multithreaded_server.vcxproj", "{5AE800AA-D31E-4B90-89BE-A6911C822269}"
EndProject
Project("{8BC9CEB8-8B4A-11D0-8D11-00A0C91BC942}") = "client", "client\client.vcxproj", "{489DB369-0D5E-436A-A25B-EC4D3C887D6A}"
EndProject
Global
	GlobalSection(SolutionConfigurationPlatforms) = preSolution
		Debug|Win32 = Debug|Win32
		Release|Win32 = Release|Win32
	EndGlobalSection
	GlobalSection(ProjectConfigurationPlatforms) = postSolution
		{5AE800AA-D31E-4B90-89BE-A6911C822269}.Debug|Win32.ActiveCfg = Debug|Win32
		{5AE800AA-D31E-4B90-89BE-A6911C822269}.Debug|Win32.Build.0 = Debug|Win32
		{5AE800AA-D31E-4B90-89BE-A6911C822269}.Release|Win32.ActiveCfg = Release|Win32
		{5AE800AA-D31E-4B90-89BE-A6911C822269}.Release|Win32.Build.0 = Release|Win32
		{489DB369-0D5E-436A-A25B-EC4D3C887D6A}.Debug|Win32.ActiveCfg = Debug|Win32
		{489DB369-0D5E-436A-A25B-EC4D3C887D6A}.Debug|Win32.Build.0 = Debug|Win32
		{489DB369-0D5E-436A-A25B-EC4D3C887D6A}.Release|Win32.ActiveCfg = Release|Win32
		{489DB369-0D5E-436A-A25B-EC4D3C887D6A}.Release|Win32.Build.0 = Release|Win32
	EndGlobalSection
	GlobalSection(SolutionProperties) = preSolution
		HideSolutionNode = FALSE
	EndGlobalSection
EndGlobal
